
Microsoft Visual Studio Solution File, Format Version 12.00
# Visual Studio 15
VisualStudioVersion = 15.0.26730.3
MinimumVisualStudioVersion = 10.0.40219.1
Project("{FAE04EC0-301F-11D3-BF4B-00C04F79EFBC}") = "TagHelpers", "TagHelpers\TagHelpers.csproj", "{9F08B4D6-5680-47AB-AC9D-345084D6B38C}"
EndProject
Project("{FAE04EC0-301F-11D3-BF4B-00C04F79EFBC}") = "TagHelpersTest", "TagHelpersTest\TagHelpersTest.csproj", "{BD6219C0-82F6-40E1-907F-D4E9410FD8C3}"
EndProject
Global
	GlobalSection(SolutionConfigurationPlatforms) = preSolution
		Debug|Any CPU = Debug|Any CPU
		Release|Any CPU = Release|Any CPU
	EndGlobalSection
	GlobalSection(ProjectConfigurationPlatforms) = postSolution
		{9F08B4D6-5680-47AB-AC9D-345084D6B38C}.Debug|Any CPU.ActiveCfg = Debug|Any CPU
		{9F08B4D6-5680-47AB-AC9D-345084D6B38C}.Debug|Any CPU.Build.0 = Debug|Any CPU
		{9F08B4D6-5680-47AB-AC9D-345084D6B38C}.Release|Any CPU.ActiveCfg = Release|Any CPU
		{9F08B4D6-5680-47AB-AC9D-345084D6B38C}.Release|Any CPU.Build.0 = Release|Any CPU
		{BD6219C0-82F6-40E1-907F-D4E9410FD8C3}.Debug|Any CPU.ActiveCfg = Debug|Any CPU
		{BD6219C0-82F6-40E1-907F-D4E9410FD8C3}.Debug|Any CPU.Build.0 = Debug|Any CPU
		{BD6219C0-82F6-40E1-907F-D4E9410FD8C3}.Release|Any CPU.ActiveCfg = Release|Any CPU
		{BD6219C0-82F6-40E1-907F-D4E9410FD8C3}.Release|Any CPU.Build.0 = Release|Any CPU
	EndGlobalSection
	GlobalSection(SolutionProperties) = preSolution
		HideSolutionNode = FALSE
	EndGlobalSection
	GlobalSection(ExtensibilityGlobals) = postSolution
		SolutionGuid = {D756490D-FEF6-454F-ADD5-E71EB5A24F82}
	EndGlobalSection
EndGlobal
